
Microsoft Visual Studio Solution File, Format Version 12.00
# Visual Studio Version 17
VisualStudioVersion = 17.0.31903.59
MinimumVisualStudioVersion = 10.0.40219.1
Project("{2150E333-8FDC-42A3-9474-1A3956D46DE8}") = "src", "src", "{E046B9A0-CA95-4DCE-B2BD-5A9F630ABD2B}"
EndProject
Project("{FAE04EC0-301F-11D3-BF4B-00C04F79EFBC}") = "DriverService.API", "src\DriverService.API\DriverService.API.csproj", "{D69EFC1E-BE2F-4DF1-8E99-8CBA05F4F7E4}"
EndProject
Global
	GlobalSection(SolutionConfigurationPlatforms) = preSolution
		Debug|Any CPU = Debug|Any CPU
		Release|Any CPU = Release|Any CPU
	EndGlobalSection
	GlobalSection(SolutionProperties) = preSolution
		HideSolutionNode = FALSE
	EndGlobalSection
	GlobalSection(ProjectConfigurationPlatforms) = postSolution
		{D69EFC1E-BE2F-4DF1-8E99-8CBA05F4F7E4}.Debug|Any CPU.ActiveCfg = Debug|Any CPU
		{D69EFC1E-BE2F-4DF1-8E99-8CBA05F4F7E4}.Debug|Any CPU.Build.0 = Debug|Any CPU
		{D69EFC1E-BE2F-4DF1-8E99-8CBA05F4F7E4}.Release|Any CPU.ActiveCfg = Release|Any CPU
		{D69EFC1E-BE2F-4DF1-8E99-8CBA05F4F7E4}.Release|Any CPU.Build.0 = Release|Any CPU
	EndGlobalSection
	GlobalSection(NestedProjects) = preSolution
		{D69EFC1E-BE2F-4DF1-8E99-8CBA05F4F7E4} = {E046B9A0-CA95-4DCE-B2BD-5A9F630ABD2B}
	EndGlobalSection
EndGlobal
